
Microsoft Visual Studio Solution File, Format Version 12.00
# Visual Studio Version 17
VisualStudioVersion = 17.11.35219.272
MinimumVisualStudioVersion = 10.0.40219.1
Project("{9A19103F-16F7-4668-BE54-9A1E7A4F7556}") = "Web", "src\Web\Web.csproj", "{D0EA87A1-AEAF-4380-B374-9F6A138DDBC8}"
EndProject
Project("{2150E333-8FDC-42A3-9474-1A3956D46DE8}") = "Solution Items", "Solution Items", "{2E82228D-69B5-48D1-8FAD-2D6FBEA26ED1}"
	ProjectSection(SolutionItems) = preProject
		Dockerfile = Dockerfile
	EndProjectSection
EndProject
Project("{2150E333-8FDC-42A3-9474-1A3956D46DE8}") = "src", "src", "{FF956022-A3B9-4990-AC12-5C2074534C8C}"
EndProject
Project("{2150E333-8FDC-42A3-9474-1A3956D46DE8}") = "tests", "tests", "{9F69A6CC-69B1-4B18-B19D-8B29ECFEDAA6}"
EndProject
Project("{9A19103F-16F7-4668-BE54-9A1E7A4F7556}") = "Web.Integration.Testing", "tests\Web.Testing\Web.Integration.Testing.csproj", "{038D2A53-7DD6-45E7-AAEC-6A300A255AA7}"
EndProject
Project("{9A19103F-16F7-4668-BE54-9A1E7A4F7556}") = "BlazorPageScript", "BlazorPageScript\BlazorPageScript.csproj", "{01E5D3AA-82A2-4CBF-9C47-20ADC6549197}"
EndProject
Global
	GlobalSection(SolutionConfigurationPlatforms) = preSolution
		Debug|Any CPU = Debug|Any CPU
		Release|Any CPU = Release|Any CPU
	EndGlobalSection
	GlobalSection(ProjectConfigurationPlatforms) = postSolution
		{D0EA87A1-AEAF-4380-B374-9F6A138DDBC8}.Debug|Any CPU.ActiveCfg = Debug|Any CPU
		{D0EA87A1-AEAF-4380-B374-9F6A138DDBC8}.Debug|Any CPU.Build.0 = Debug|Any CPU
		{D0EA87A1-AEAF-4380-B374-9F6A138DDBC8}.Release|Any CPU.ActiveCfg = Release|Any CPU
		{D0EA87A1-AEAF-4380-B374-9F6A138DDBC8}.Release|Any CPU.Build.0 = Release|Any CPU
		{038D2A53-7DD6-45E7-AAEC-6A300A255AA7}.Debug|Any CPU.ActiveCfg = Debug|Any CPU
		{038D2A53-7DD6-45E7-AAEC-6A300A255AA7}.Debug|Any CPU.Build.0 = Debug|Any CPU
		{038D2A53-7DD6-45E7-AAEC-6A300A255AA7}.Release|Any CPU.ActiveCfg = Release|Any CPU
		{038D2A53-7DD6-45E7-AAEC-6A300A255AA7}.Release|Any CPU.Build.0 = Release|Any CPU
		{01E5D3AA-82A2-4CBF-9C47-20ADC6549197}.Debug|Any CPU.ActiveCfg = Debug|Any CPU
		{01E5D3AA-82A2-4CBF-9C47-20ADC6549197}.Debug|Any CPU.Build.0 = Debug|Any CPU
		{01E5D3AA-82A2-4CBF-9C47-20ADC6549197}.Release|Any CPU.ActiveCfg = Release|Any CPU
		{01E5D3AA-82A2-4CBF-9C47-20ADC6549197}.Release|Any CPU.Build.0 = Release|Any CPU
	EndGlobalSection
	GlobalSection(SolutionProperties) = preSolution
		HideSolutionNode = FALSE
	EndGlobalSection
	GlobalSection(NestedProjects) = preSolution
		{D0EA87A1-AEAF-4380-B374-9F6A138DDBC8} = {FF956022-A3B9-4990-AC12-5C2074534C8C}
		{038D2A53-7DD6-45E7-AAEC-6A300A255AA7} = {9F69A6CC-69B1-4B18-B19D-8B29ECFEDAA6}
		{01E5D3AA-82A2-4CBF-9C47-20ADC6549197} = {FF956022-A3B9-4990-AC12-5C2074534C8C}
	EndGlobalSection
	GlobalSection(ExtensibilityGlobals) = postSolution
		SolutionGuid = {FE5BB8CE-0892-4B4A-9369-85C47005B403}
	EndGlobalSection
EndGlobal
